
Microsoft Visual Studio Solution File, Format Version 12.00
# Visual Studio Version 17
VisualStudioVersion = 17.10.34928.147
MinimumVisualStudioVersion = 10.0.40219.1
Project("{9A19103F-16F7-4668-BE54-9A1E7A4F7556}") = "OpenTK_library", "OpenTK_library\OpenTK_library.csproj", "{5786B142-70F8-49E7-8416-30E8A1B6EA5C}"
EndProject
Project("{9A19103F-16F7-4668-BE54-9A1E7A4F7556}") = "WpfViewModelModule", "WpfViewModelModule\WpfViewModelModule.csproj", "{FDC35D67-9BB9-4B5E-8EFA-456D9446B2EB}"
EndProject
Project("{9A19103F-16F7-4668-BE54-9A1E7A4F7556}") = "ExampleRenderTest", "OpenTK_hello_triangle_WPF\ExampleRenderTest.csproj", "{B97E5C57-639F-43A3-B943-6E9CEB4FAB45}"
EndProject
Global
	GlobalSection(SolutionConfigurationPlatforms) = preSolution
		Debug|Any CPU = Debug|Any CPU
		Release|Any CPU = Release|Any CPU
	EndGlobalSection
	GlobalSection(ProjectConfigurationPlatforms) = postSolution
		{5786B142-70F8-49E7-8416-30E8A1B6EA5C}.Debug|Any CPU.ActiveCfg = Debug|Any CPU
		{5786B142-70F8-49E7-8416-30E8A1B6EA5C}.Debug|Any CPU.Build.0 = Debug|Any CPU
		{5786B142-70F8-49E7-8416-30E8A1B6EA5C}.Release|Any CPU.ActiveCfg = Release|Any CPU
		{5786B142-70F8-49E7-8416-30E8A1B6EA5C}.Release|Any CPU.Build.0 = Release|Any CPU
		{FDC35D67-9BB9-4B5E-8EFA-456D9446B2EB}.Debug|Any CPU.ActiveCfg = Debug|Any CPU
		{FDC35D67-9BB9-4B5E-8EFA-456D9446B2EB}.Debug|Any CPU.Build.0 = Debug|Any CPU
		{FDC35D67-9BB9-4B5E-8EFA-456D9446B2EB}.Release|Any CPU.ActiveCfg = Release|Any CPU
		{FDC35D67-9BB9-4B5E-8EFA-456D9446B2EB}.Release|Any CPU.Build.0 = Release|Any CPU
		{B97E5C57-639F-43A3-B943-6E9CEB4FAB45}.Debug|Any CPU.ActiveCfg = Debug|Any CPU
		{B97E5C57-639F-43A3-B943-6E9CEB4FAB45}.Debug|Any CPU.Build.0 = Debug|Any CPU
		{B97E5C57-639F-43A3-B943-6E9CEB4FAB45}.Release|Any CPU.ActiveCfg = Release|Any CPU
		{B97E5C57-639F-43A3-B943-6E9CEB4FAB45}.Release|Any CPU.Build.0 = Release|Any CPU
	EndGlobalSection
	GlobalSection(SolutionProperties) = preSolution
		HideSolutionNode = FALSE
	EndGlobalSection
	GlobalSection(ExtensibilityGlobals) = postSolution
		SolutionGuid = {D1D86840-14AA-4196-B469-66CD0AAEBB6D}
	EndGlobalSection
EndGlobal
